
Microsoft Visual Studio Solution File, Format Version 12.00
# Visual Studio 15
VisualStudioVersion = 15.0.28307.757
MinimumVisualStudioVersion = 10.0.40219.1
Project("{FAE04EC0-301F-11D3-BF4B-00C04F79EFBC}") = "GitHooksPlayground", "GitHooksPlayground\GitHooksPlayground.csproj", "{1C29910D-3A59-485A-9A2D-E33AD85075CB}"
EndProject
Global
	GlobalSection(SolutionConfigurationPlatforms) = preSolution
		Debug|Any CPU = Debug|Any CPU
		Release|Any CPU = Release|Any CPU
	EndGlobalSection
	GlobalSection(ProjectConfigurationPlatforms) = postSolution
		{1C29910D-3A59-485A-9A2D-E33AD85075CB}.Debug|Any CPU.ActiveCfg = Debug|Any CPU
		{1C29910D-3A59-485A-9A2D-E33AD85075CB}.Debug|Any CPU.Build.0 = Debug|Any CPU
		{1C29910D-3A59-485A-9A2D-E33AD85075CB}.Release|Any CPU.ActiveCfg = Release|Any CPU
		{1C29910D-3A59-485A-9A2D-E33AD85075CB}.Release|Any CPU.Build.0 = Release|Any CPU
	EndGlobalSection
	GlobalSection(SolutionProperties) = preSolution
		HideSolutionNode = FALSE
	EndGlobalSection
	GlobalSection(ExtensibilityGlobals) = postSolution
		SolutionGuid = {4F1C709F-8E14-4E3A-A48F-ACEC49BBCFC6}
	EndGlobalSection
EndGlobal
